
Microsoft Visual Studio Solution File, Format Version 12.00
# Visual Studio Version 17
VisualStudioVersion = 17.2.32630.192
MinimumVisualStudioVersion = 10.0.40219.1
Project("{9A19103F-16F7-4668-BE54-9A1E7A4F7556}") = "R5T.L0031.Construction", "R5T.L0031.Construction\R5T.L0031.Construction.csproj", "{9B06E985-A906-4072-BF7B-DBED28856CD1}"
EndProject
Project("{9A19103F-16F7-4668-BE54-9A1E7A4F7556}") = "R5T.L0031", "R5T.L0031\R5T.L0031.csproj", "{9F497CE6-7222-417B-A1FC-726699D1FF4D}"
EndProject
Project("{9A19103F-16F7-4668-BE54-9A1E7A4F7556}") = "R5T.L0031.T000", "R5T.L0031.T000\R5T.L0031.T000.csproj", "{3A40911F-3B81-45AF-B146-81A6D8477A39}"
EndProject
Project("{2150E333-8FDC-42A3-9474-1A3956D46DE8}") = "_Dependencies", "_Dependencies", "{D197398E-18F2-46B8-B53B-6826B9ACE4E0}"
EndProject
Project("{9A19103F-16F7-4668-BE54-9A1E7A4F7556}") = "R5T.F0000", "..\..\R5T.F0000\source\R5T.F0000\R5T.F0000.csproj", "{E8139627-5BA1-4DAA-9863-653BB242F010}"
EndProject
Project("{9A19103F-16F7-4668-BE54-9A1E7A4F7556}") = "R5T.T0131", "..\..\R5T.T0131\source\R5T.T0131\R5T.T0131.csproj", "{B1F40D78-8FAE-4E7E-9C73-1FA9152E0395}"
EndProject
Project("{9A19103F-16F7-4668-BE54-9A1E7A4F7556}") = "R5T.T0132", "..\..\R5T.T0132\source\R5T.T0132\R5T.T0132.csproj", "{85B008F7-1158-47EA-865E-C7858B192095}"
EndProject
Project("{9A19103F-16F7-4668-BE54-9A1E7A4F7556}") = "R5T.T0142", "..\..\R5T.T0142\source\R5T.T0142\R5T.T0142.csproj", "{12018EEB-7CDA-423C-A5F0-AB1E72165469}"
EndProject
Project("{9A19103F-16F7-4668-BE54-9A1E7A4F7556}") = "R5T.T0143", "..\..\R5T.T0143\source\R5T.T0143\R5T.T0143.csproj", "{3F54DEF3-E7C1-433F-8ED6-C1238F3FA7C4}"
EndProject
Project("{9A19103F-16F7-4668-BE54-9A1E7A4F7556}") = "R5T.T0156", "..\..\R5T.T0156\source\R5T.T0156\R5T.T0156.csproj", "{0847DB45-73A1-400F-AA7D-933EB05DA910}"
EndProject
Project("{9A19103F-16F7-4668-BE54-9A1E7A4F7556}") = "R5T.Y0000", "..\..\R5T.Y0000\source\R5T.Y0000\R5T.Y0000.csproj", "{D34BC5BF-D20E-4670-8D01-83C107512D69}"
EndProject
Project("{9A19103F-16F7-4668-BE54-9A1E7A4F7556}") = "R5T.Z0000", "..\..\R5T.Z0000\source\R5T.Z0000\R5T.Z0000.csproj", "{A47D7DAF-5BB4-43F0-94D9-54E90B9C2613}"
EndProject
Project("{9A19103F-16F7-4668-BE54-9A1E7A4F7556}") = "R5T.T0178", "..\..\R5T.T0178\source\R5T.T0178\R5T.T0178.csproj", "{2ADDD16C-A90E-46F3-9060-804D2F1DFE23}"
EndProject
Project("{9A19103F-16F7-4668-BE54-9A1E7A4F7556}") = "R5T.T0179", "..\..\R5T.T0179\source\R5T.T0179\R5T.T0179.csproj", "{7BAF28C0-5262-410C-91BE-420215D06499}"
EndProject
Global
	GlobalSection(NestedProjects) = preSolution
		{E8139627-5BA1-4DAA-9863-653BB242F010} = {D197398E-18F2-46B8-B53B-6826B9ACE4E0}
		{B1F40D78-8FAE-4E7E-9C73-1FA9152E0395} = {D197398E-18F2-46B8-B53B-6826B9ACE4E0}
		{85B008F7-1158-47EA-865E-C7858B192095} = {D197398E-18F2-46B8-B53B-6826B9ACE4E0}
		{12018EEB-7CDA-423C-A5F0-AB1E72165469} = {D197398E-18F2-46B8-B53B-6826B9ACE4E0}
		{3F54DEF3-E7C1-433F-8ED6-C1238F3FA7C4} = {D197398E-18F2-46B8-B53B-6826B9ACE4E0}
		{0847DB45-73A1-400F-AA7D-933EB05DA910} = {D197398E-18F2-46B8-B53B-6826B9ACE4E0}
		{D34BC5BF-D20E-4670-8D01-83C107512D69} = {D197398E-18F2-46B8-B53B-6826B9ACE4E0}
		{A47D7DAF-5BB4-43F0-94D9-54E90B9C2613} = {D197398E-18F2-46B8-B53B-6826B9ACE4E0}
		{2ADDD16C-A90E-46F3-9060-804D2F1DFE23} = {D197398E-18F2-46B8-B53B-6826B9ACE4E0}
		{7BAF28C0-5262-410C-91BE-420215D06499} = {D197398E-18F2-46B8-B53B-6826B9ACE4E0}
	EndGlobalSection
	GlobalSection(SolutionConfigurationPlatforms) = preSolution
		Debug|Any CPU = Debug|Any CPU
		Release|Any CPU = Release|Any CPU
	EndGlobalSection
	GlobalSection(ProjectConfigurationPlatforms) = postSolution
		{9B06E985-A906-4072-BF7B-DBED28856CD1}.Debug|Any CPU.ActiveCfg = Debug|Any CPU
		{9B06E985-A906-4072-BF7B-DBED28856CD1}.Debug|Any CPU.Build.0 = Debug|Any CPU
		{9B06E985-A906-4072-BF7B-DBED28856CD1}.Release|Any CPU.ActiveCfg = Release|Any CPU
		{9B06E985-A906-4072-BF7B-DBED28856CD1}.Release|Any CPU.Build.0 = Release|Any CPU
		{9F497CE6-7222-417B-A1FC-726699D1FF4D}.Debug|Any CPU.ActiveCfg = Debug|Any CPU
		{9F497CE6-7222-417B-A1FC-726699D1FF4D}.Debug|Any CPU.Build.0 = Debug|Any CPU
		{9F497CE6-7222-417B-A1FC-726699D1FF4D}.Release|Any CPU.ActiveCfg = Release|Any CPU
		{9F497CE6-7222-417B-A1FC-726699D1FF4D}.Release|Any CPU.Build.0 = Release|Any CPU
		{3A40911F-3B81-45AF-B146-81A6D8477A39}.Debug|Any CPU.ActiveCfg = Debug|Any CPU
		{3A40911F-3B81-45AF-B146-81A6D8477A39}.Debug|Any CPU.Build.0 = Debug|Any CPU
		{3A40911F-3B81-45AF-B146-81A6D8477A39}.Release|Any CPU.ActiveCfg = Release|Any CPU
		{3A40911F-3B81-45AF-B146-81A6D8477A39}.Release|Any CPU.Build.0 = Release|Any CPU
		{E8139627-5BA1-4DAA-9863-653BB242F010}.Debug|Any CPU.ActiveCfg = Debug|Any CPU
		{E8139627-5BA1-4DAA-9863-653BB242F010}.Debug|Any CPU.Build.0 = Debug|Any CPU
		{E8139627-5BA1-4DAA-9863-653BB242F010}.Release|Any CPU.ActiveCfg = Release|Any CPU
		{E8139627-5BA1-4DAA-9863-653BB242F010}.Release|Any CPU.Build.0 = Release|Any CPU
		{B1F40D78-8FAE-4E7E-9C73-1FA9152E0395}.Debug|Any CPU.ActiveCfg = Debug|Any CPU
		{B1F40D78-8FAE-4E7E-9C73-1FA9152E0395}.Debug|Any CPU.Build.0 = Debug|Any CPU
		{B1F40D78-8FAE-4E7E-9C73-1FA9152E0395}.Release|Any CPU.ActiveCfg = Release|Any CPU
		{B1F40D78-8FAE-4E7E-9C73-1FA9152E0395}.Release|Any CPU.Build.0 = Release|Any CPU
		{85B008F7-1158-47EA-865E-C7858B192095}.Debug|Any CPU.ActiveCfg = Debug|Any CPU
		{85B008F7-1158-47EA-865E-C7858B192095}.Debug|Any CPU.Build.0 = Debug|Any CPU
		{85B008F7-1158-47EA-865E-C7858B192095}.Release|Any CPU.ActiveCfg = Release|Any CPU
		{85B008F7-1158-47EA-865E-C7858B192095}.Release|Any CPU.Build.0 = Release|Any CPU
		{12018EEB-7CDA-423C-A5F0-AB1E72165469}.Debug|Any CPU.ActiveCfg = Debug|Any CPU
		{12018EEB-7CDA-423C-A5F0-AB1E72165469}.Debug|Any CPU.Build.0 = Debug|Any CPU
		{12018EEB-7CDA-423C-A5F0-AB1E72165469}.Release|Any CPU.ActiveCfg = Release|Any CPU
		{12018EEB-7CDA-423C-A5F0-AB1E72165469}.Release|Any CPU.Build.0 = Release|Any CPU
		{3F54DEF3-E7C1-433F-8ED6-C1238F3FA7C4}.Debug|Any CPU.ActiveCfg = Debug|Any CPU
		{3F54DEF3-E7C1-433F-8ED6-C1238F3FA7C4}.Debug|Any CPU.Build.0 = Debug|Any CPU
		{3F54DEF3-E7C1-433F-8ED6-C1238F3FA7C4}.Release|Any CPU.ActiveCfg = Release|Any CPU
		{3F54DEF3-E7C1-433F-8ED6-C1238F3FA7C4}.Release|Any CPU.Build.0 = Release|Any CPU
		{0847DB45-73A1-400F-AA7D-933EB05DA910}.Debug|Any CPU.ActiveCfg = Debug|Any CPU
		{0847DB45-73A1-400F-AA7D-933EB05DA910}.Debug|Any CPU.Build.0 = Debug|Any CPU
		{0847DB45-73A1-400F-AA7D-933EB05DA910}.Release|Any CPU.ActiveCfg = Release|Any CPU
		{0847DB45-73A1-400F-AA7D-933EB05DA910}.Release|Any CPU.Build.0 = Release|Any CPU
		{D34BC5BF-D20E-4670-8D01-83C107512D69}.Debug|Any CPU.ActiveCfg = Debug|Any CPU
		{D34BC5BF-D20E-4670-8D01-83C107512D69}.Debug|Any CPU.Build.0 = Debug|Any CPU
		{D34BC5BF-D20E-4670-8D01-83C107512D69}.Release|Any CPU.ActiveCfg = Release|Any CPU
		{D34BC5BF-D20E-4670-8D01-83C107512D69}.Release|Any CPU.Build.0 = Release|Any CPU
		{A47D7DAF-5BB4-43F0-94D9-54E90B9C2613}.Debug|Any CPU.ActiveCfg = Debug|Any CPU
		{A47D7DAF-5BB4-43F0-94D9-54E90B9C2613}.Debug|Any CPU.Build.0 = Debug|Any CPU
		{A47D7DAF-5BB4-43F0-94D9-54E90B9C2613}.Release|Any CPU.ActiveCfg = Release|Any CPU
		{A47D7DAF-5BB4-43F0-94D9-54E90B9C2613}.Release|Any CPU.Build.0 = Release|Any CPU
		{2ADDD16C-A90E-46F3-9060-804D2F1DFE23}.Debug|Any CPU.ActiveCfg = Debug|Any CPU
		{2ADDD16C-A90E-46F3-9060-804D2F1DFE23}.Debug|Any CPU.Build.0 = Debug|Any CPU
		{2ADDD16C-A90E-46F3-9060-804D2F1DFE23}.Release|Any CPU.ActiveCfg = Release|Any CPU
		{2ADDD16C-A90E-46F3-9060-804D2F1DFE23}.Release|Any CPU.Build.0 = Release|Any CPU
		{7BAF28C0-5262-410C-91BE-420215D06499}.Debug|Any CPU.ActiveCfg = Debug|Any CPU
		{7BAF28C0-5262-410C-91BE-420215D06499}.Debug|Any CPU.Build.0 = Debug|Any CPU
		{7BAF28C0-5262-410C-91BE-420215D06499}.Release|Any CPU.ActiveCfg = Release|Any CPU
		{7BAF28C0-5262-410C-91BE-420215D06499}.Release|Any CPU.Build.0 = Release|Any CPU
	EndGlobalSection
	GlobalSection(SolutionProperties) = preSolution
		HideSolutionNode = FALSE
	EndGlobalSection
	GlobalSection(ExtensibilityGlobals) = postSolution
		SolutionGuid = {7E94C16C-F78E-4448-A181-8ED030209B1F}
	EndGlobalSection
EndGlobal
