
Microsoft Visual Studio Solution File, Format Version 12.00
# Visual Studio Version 17
VisualStudioVersion = 17.2.32630.192
MinimumVisualStudioVersion = 10.0.40219.1
Project("{9A19103F-16F7-4668-BE54-9A1E7A4F7556}") = "R5T.L0031.Construction", "R5T.L0031.Construction\R5T.L0031.Construction.csproj", "{9B06E985-A906-4072-BF7B-DBED28856CD1}"
EndProject
Project("{9A19103F-16F7-4668-BE54-9A1E7A4F7556}") = "R5T.L0031", "R5T.L0031\R5T.L0031.csproj", "{9F497CE6-7222-417B-A1FC-726699D1FF4D}"
EndProject
Global
	GlobalSection(SolutionConfigurationPlatforms) = preSolution
		Debug|Any CPU = Debug|Any CPU
		Release|Any CPU = Release|Any CPU
	EndGlobalSection
	GlobalSection(ProjectConfigurationPlatforms) = postSolution
		{9B06E985-A906-4072-BF7B-DBED28856CD1}.Debug|Any CPU.ActiveCfg = Debug|Any CPU
		{9B06E985-A906-4072-BF7B-DBED28856CD1}.Debug|Any CPU.Build.0 = Debug|Any CPU
		{9B06E985-A906-4072-BF7B-DBED28856CD1}.Release|Any CPU.ActiveCfg = Release|Any CPU
		{9B06E985-A906-4072-BF7B-DBED28856CD1}.Release|Any CPU.Build.0 = Release|Any CPU
		{9F497CE6-7222-417B-A1FC-726699D1FF4D}.Debug|Any CPU.ActiveCfg = Debug|Any CPU
		{9F497CE6-7222-417B-A1FC-726699D1FF4D}.Debug|Any CPU.Build.0 = Debug|Any CPU
		{9F497CE6-7222-417B-A1FC-726699D1FF4D}.Release|Any CPU.ActiveCfg = Release|Any CPU
		{9F497CE6-7222-417B-A1FC-726699D1FF4D}.Release|Any CPU.Build.0 = Release|Any CPU
	EndGlobalSection
	GlobalSection(SolutionProperties) = preSolution
		HideSolutionNode = FALSE
	EndGlobalSection
	GlobalSection(ExtensibilityGlobals) = postSolution
		SolutionGuid = {7E94C16C-F78E-4448-A181-8ED030209B1F}
	EndGlobalSection
EndGlobal
